{
  "originHash" : "c59d4f205939bdc5d744f1cc94783c1d0ef32c4aa0117b601583f1d73a9ffc32",
  "pins" : [
    {
      "identity" : "flyfun-common",
      "kind" : "remoteSourceControl",
      "location" : "https://github.com/roznet/flyfun-common",
      "state" : {
        "revision" : "0b142dc7b6ea9f7b29d3e3423d8e2898b5063726",
        "version" : "0.6.5"
      }
    },
    {
      "identity" : "fmdb",
      "kind" : "remoteSourceControl",
      "location" : "https://github.com/ccgus/fmdb",
      "state" : {
        "revision" : "1227a3fa2b9916bfd75fe380eb45cd210e69e251",
        "version" : "2.7.12"
      }
    },
    {
      "identity" : "geomagnetism",
      "kind" : "remoteSourceControl",
      "location" : "https://github.com/roznet/Geomagnetism",
      "state" : {
        "revision" : "74049c87ab58b6e004342a64de2884c60b0c4734",
        "version" : "1.0.0"
      }
    },
    {
      "identity" : "kdtree",
      "kind" : "remoteSourceControl",
      "location" : "https://github.com/Bersaelor/KDTree.git",
      "state" : {
        "revision" : "35d14064d48d92a0c2c1215b93a3118f558b2e6b",
        "version" : "1.4.2"
      }
    },
    {
      "identity" : "rzflight",
      "kind" : "remoteSourceControl",
      "location" : "https://github.com/roznet/rzflight",
      "state" : {
        "branch" : "main",
        "revision" : "6e8731e45831019ba8b268944e564a93046bd45f"
      }
    },
    {
      "identity" : "rzutils",
      "kind" : "remoteSourceControl",
      "location" : "https://github.com/roznet/rzutils",
      "state" : {
        "branch" : "master",
        "revision" : "e2c66339b9dfdf88ba11be04561ea659f8afddcc"
      }
    }
  ],
  "version" : 3
}
